
Microsoft Visual Studio Solution File, Format Version 12.00
# Visual Studio Version 16
VisualStudioVersion = 16.0.31019.35
MinimumVisualStudioVersion = 10.0.40219.1
Project("{FAE04EC0-301F-11D3-BF4B-00C04F79EFBC}") = "NAD_A3_Client", "NAD_A3_Client\NAD_A3_Client.csproj", "{3DBC4B9C-8BE5-4355-9E76-2E0AE16938FB}"
EndProject
Global
	GlobalSection(SolutionConfigurationPlatforms) = preSolution
		Debug|Any CPU = Debug|Any CPU
		Release|Any CPU = Release|Any CPU
	EndGlobalSection
	GlobalSection(ProjectConfigurationPlatforms) = postSolution
		{3DBC4B9C-8BE5-4355-9E76-2E0AE16938FB}.Debug|Any CPU.ActiveCfg = Debug|Any CPU
		{3DBC4B9C-8BE5-4355-9E76-2E0AE16938FB}.Debug|Any CPU.Build.0 = Debug|Any CPU
		{3DBC4B9C-8BE5-4355-9E76-2E0AE16938FB}.Release|Any CPU.ActiveCfg = Release|Any CPU
		{3DBC4B9C-8BE5-4355-9E76-2E0AE16938FB}.Release|Any CPU.Build.0 = Release|Any CPU
	EndGlobalSection
	GlobalSection(SolutionProperties) = preSolution
		HideSolutionNode = FALSE
	EndGlobalSection
	GlobalSection(ExtensibilityGlobals) = postSolution
		SolutionGuid = {D0C72498-398C-4D6D-B843-76D8182AD76B}
	EndGlobalSection
EndGlobal
